Microsoft Visual Studio Solution File, Format Version 12.00
# Visual Studio 15
VisualStudioVersion = 15.0.27703.2042
MinimumVisualStudioVersion = 10.0.40219.1
Project("{FAE04EC0-301F-11D3-BF4B-00C04F79EFBC}") = "SymbolTickr.Android", "SymbolTickr.Android\SymbolTickr.Android.csproj", "{B033AD86-DE13-4334-B0A9-520A51A782B1}"
EndProject
Project("{FAE04EC0-301F-11D3-BF4B-00C04F79EFBC}") = "SymbolTickr.iOS", "SymbolTickr.iOS\SymbolTickr.iOS.csproj", "{0FC9108D-4070-4EFC-A0C3-D782DEABD540}"
EndProject
Project("{9A19103F-16F7-4668-BE54-9A1E7A4F7556}") = "SymbolTickr", "SymbolTickr\SymbolTickr.csproj", "{31CEE41B-936B-45CD-B4ED-6495E2E90906}"
EndProject
Project("{FAE04EC0-301F-11D3-BF4B-00C04F79EFBC}") = "SymbolTickr.UWP", "SymbolTickr.UWP\SymbolTickr.UWP.csproj", "{E10443A8-E11E-4EC2-AD95-472312474E95}"
EndProject
Global
	GlobalSection(SolutionConfigurationPlatforms) = preSolution
		Ad-Hoc|Any CPU = Ad-Hoc|Any CPU
		Ad-Hoc|ARM = Ad-Hoc|ARM
		Ad-Hoc|iPhone = Ad-Hoc|iPhone
		Ad-Hoc|iPhoneSimulator = Ad-Hoc|iPhoneSimulator
		Ad-Hoc|x64 = Ad-Hoc|x64
		Ad-Hoc|x86 = Ad-Hoc|x86
		AppStore|Any CPU = AppStore|Any CPU
		AppStore|ARM = AppStore|ARM
		AppStore|iPhone = AppStore|iPhone
		AppStore|iPhoneSimulator = AppStore|iPhoneSimulator
		AppStore|x64 = AppStore|x64
		AppStore|x86 = AppStore|x86
		Debug|Any CPU = Debug|Any CPU
		Debug|ARM = Debug|ARM
		Debug|iPhone = Debug|iPhone
		Debug|iPhoneSimulator = Debug|iPhoneSimulator
		Debug|x64 = Debug|x64
		Debug|x86 = Debug|x86
		Release|Any CPU = Release|Any CPU
		Release|ARM = Release|ARM
		Release|iPhone = Release|iPhone
		Release|iPhoneSimulator = Release|iPhoneSimulator
		Release|x64 = Release|x64
		Release|x86 = Release|x86
	EndGlobalSection
	GlobalSection(ProjectConfigurationPlatforms) = postSolution
		{B033AD86-DE13-4334-B0A9-520A51A782B1}.Ad-Hoc|Any CPU.ActiveCfg = Release|Any CPU
		{B033AD86-DE13-4334-B0A9-520A51A782B1}.Ad-Hoc|Any CPU.Build.0 = Release|Any CPU
		{B033AD86-DE13-4334-B0A9-520A51A782B1}.Ad-Hoc|Any CPU.Deploy.0 = Release|Any CPU
		{B033AD86-DE13-4334-B0A9-520A51A782B1}.Ad-Hoc|ARM.ActiveCfg = Debug|Any CPU
		{B033AD86-DE13-4334-B0A9-520A51A782B1}.Ad-Hoc|ARM.Build.0 = Debug|Any CPU
		{B033AD86-DE13-4334-B0A9-520A51A782B1}.Ad-Hoc|ARM.Deploy.0 = Debug|Any CPU
		{B033AD86-DE13-4334-B0A9-520A51A782B1}.Ad-Hoc|iPhone.ActiveCfg = Debug|Any CPU
		{B033AD86-DE13-4334-B0A9-520A51A782B1}.Ad-Hoc|iPhone.Build.0 = Debug|Any CPU
		{B033AD86-DE13-4334-B0A9-520A51A782B1}.Ad-Hoc|iPhoneSimulator.ActiveCfg = Release|Any CPU
		{B033AD86-DE13-4334-B0A9-520A51A782B1}.Ad-Hoc|iPhoneSimulator.Build.0 = Release|Any CPU
		{B033AD86-DE13-4334-B0A9-520A51A782B1}.Ad-Hoc|iPhoneSimulator.Deploy.0 = Release|Any CPU
		{B033AD86-DE13-4334-B0A9-520A51A782B1}.Ad-Hoc|x64.ActiveCfg = Debug|Any CPU
		{B033AD86-DE13-4334-B0A9-520A51A782B1}.Ad-Hoc|x64.Build.0 = Debug|Any CPU
		{B033AD86-DE13-4334-B0A9-520A51A782B1}.Ad-Hoc|x64.Deploy.0 = Debug|Any CPU
		{B033AD86-DE13-4334-B0A9-520A51A782B1}.Ad-Hoc|x86.ActiveCfg = Debug|Any CPU
		{B033AD86-DE13-4334-B0A9-520A51A782B1}.Ad-Hoc|x86.Build.0 = Debug|Any CPU
		{B033AD86-DE13-4334-B0A9-520A51A782B1}.Ad-Hoc|x86.Deploy.0 = Debug|Any CPU
		{B033AD86-DE13-4334-B0A9-520A51A782B1}.AppStore|Any CPU.ActiveCfg = Release|Any CPU
		{B033AD86-DE13-4334-B0A9-520A51A782B1}.AppStore|Any CPU.Build.0 = Release|Any CPU
		{B033AD86-DE13-4334-B0A9-520A51A782B1}.AppStore|Any CPU.Deploy.0 = Release|Any CPU
		{B033AD86-DE13-4334-B0A9-520A51A782B1}.AppStore|ARM.ActiveCfg = Debug|Any CPU
		{B033AD86-DE13-4334-B0A9-520A51A782B1}.AppStore|ARM.Build.0 = Debug|Any CPU
		{B033AD86-DE13-4334-B0A9-520A51A782B1}.AppStore|ARM.Deploy.0 = Debug|Any CPU
		{B033AD86-DE13-4334-B0A9-520A51A782B1}.AppStore|iPhone.ActiveCfg = Debug|Any CPU
		{B033AD86-DE13-4334-B0A9-520A51A782B1}.AppStore|iPhone.Build.0 = Debug|Any CPU
		{B033AD86-DE13-4334-B0A9-520A51A782B1}.AppStore|iPhoneSimulator.ActiveCfg = Release|Any CPU
		{B033AD86-DE13-4334-B0A9-520A51A782B1}.AppStore|iPhoneSimulator.Build.0 = Release|Any CPU
		{B033AD86-DE13-4334-B0A9-520A51A782B1}.AppStore|iPhoneSimulator.Deploy.0 = Release|Any CPU
		{B033AD86-DE13-4334-B0A9-520A51A782B1}.AppStore|x64.ActiveCfg = Debug|Any CPU
		{B033AD86-DE13-4334-B0A9-520A51A782B1}.AppStore|x64.Build.0 = Debug|Any CPU
		{B033AD86-DE13-4334-B0A9-520A51A782B1}.AppStore|x64.Deploy.0 = Debug|Any CPU
		{B033AD86-DE13-4334-B0A9-520A51A782B1}.AppStore|x86.ActiveCfg = Debug|Any CPU
		{B033AD86-DE13-4334-B0A9-520A51A782B1}.AppStore|x86.Build.0 = Debug|Any CPU
		{B033AD86-DE13-4334-B0A9-520A51A782B1}.AppStore|x86.Deploy.0 = Debug|Any CPU
		{B033AD86-DE13-4334-B0A9-520A51A782B1}.Debug|Any CPU.ActiveCfg = Debug|Any CPU
		{B033AD86-DE13-4334-B0A9-520A51A782B1}.Debug|Any CPU.Build.0 = Debug|Any CPU
		{B033AD86-DE13-4334-B0A9-520A51A782B1}.Debug|Any CPU.Deploy.0 = Debug|Any CPU
		{B033AD86-DE13-4334-B0A9-520A51A782B1}.Debug|ARM.ActiveCfg = Debug|Any CPU
		{B033AD86-DE13-4334-B0A9-520A51A782B1}.Debug|ARM.Build.0 = Debug|Any CPU
		{B033AD86-DE13-4334-B0A9-520A51A782B1}.Debug|ARM.Deploy.0 = Debug|Any CPU
		{B033AD86-DE13-4334-B0A9-520A51A782B1}.Debug|iPhone.ActiveCfg = Debug|Any CPU
		{B033AD86-DE13-4334-B0A9-520A51A782B1}.Debug|iPhone.Build.0 = Debug|Any CPU
		{B033AD86-DE13-4334-B0A9-520A51A782B1}.Debug|iPhoneSimulator.ActiveCfg = Debug|Any CPU
		{B033AD86-DE13-4334-B0A9-520A51A782B1}.Debug|iPhoneSimulator.Build.0 = Debug|Any CPU
		{B033AD86-DE13-4334-B0A9-520A51A782B1}.Debug|x64.ActiveCfg = Debug|Any CPU
		{B033AD86-DE13-4334-B0A9-520A51A782B1}.Debug|x64.Build.0 = Debug|Any CPU
		{B033AD86-DE13-4334-B0A9-520A51A782B1}.Debug|x64.Deploy.0 = Debug|Any CPU
		{B033AD86-DE13-4334-B0A9-520A51A782B1}.Debug|x86.ActiveCfg = Debug|Any CPU
		{B033AD86-DE13-4334-B0A9-520A51A782B1}.Debug|x86.Build.0 = Debug|Any CPU
		{B033AD86-DE13-4334-B0A9-520A51A782B1}.Debug|x86.Deploy.0 = Debug|Any CPU
		{B033AD86-DE13-4334-B0A9-520A51A782B1}.Release|Any CPU.ActiveCfg = Release|Any CPU
		{B033AD86-DE13-4334-B0A9-520A51A782B1}.Release|Any CPU.Build.0 = Release|Any CPU
		{B033AD86-DE13-4334-B0A9-520A51A782B1}.Release|ARM.ActiveCfg = Release|Any CPU
		{B033AD86-DE13-4334-B0A9-520A51A782B1}.Release|ARM.Build.0 = Release|Any CPU
		{B033AD86-DE13-4334-B0A9-520A51A782B1}.Release|ARM.Deploy.0 = Release|Any CPU
		{B033AD86-DE13-4334-B0A9-520A51A782B1}.Release|iPhone.ActiveCfg = Release|Any CPU
		{B033AD86-DE13-4334-B0A9-520A51A782B1}.Release|iPhone.Build.0 = Release|Any CPU
		{B033AD86-DE13-4334-B0A9-520A51A782B1}.Release|iPhoneSimulator.ActiveCfg = Release|Any CPU
		{B033AD86-DE13-4334-B0A9-520A51A782B1}.Release|iPhoneSimulator.Build.0 = Release|Any CPU
		{B033AD86-DE13-4334-B0A9-520A51A782B1}.Release|x64.ActiveCfg = Release|Any CPU
		{B033AD86-DE13-4334-B0A9-520A51A782B1}.Release|x64.Build.0 = Release|Any CPU
		{B033AD86-DE13-4334-B0A9-520A51A782B1}.Release|x64.Deploy.0 = Release|Any CPU
		{B033AD86-DE13-4334-B0A9-520A51A782B1}.Release|x86.ActiveCfg = Release|Any CPU
		{B033AD86-DE13-4334-B0A9-520A51A782B1}.Release|x86.Build.0 = Release|Any CPU
		{B033AD86-DE13-4334-B0A9-520A51A782B1}.Release|x86.Deploy.0 = Release|Any CPU
		{0FC9108D-4070-4EFC-A0C3-D782DEABD540}.Ad-Hoc|Any CPU.ActiveCfg = Ad-Hoc|iPhoneSimulator
		{0FC9108D-4070-4EFC-A0C3-D782DEABD540}.Ad-Hoc|ARM.ActiveCfg = Ad-Hoc|iPhone
		{0FC9108D-4070-4EFC-A0C3-D782DEABD540}.Ad-Hoc|iPhone.ActiveCfg = Ad-Hoc|iPhone
		{0FC9108D-4070-4EFC-A0C3-D782DEABD540}.Ad-Hoc|iPhone.Build.0 = Ad-Hoc|iPhone
		{0FC9108D-4070-4EFC-A0C3-D782DEABD540}.Ad-Hoc|iPhoneSimulator.ActiveCfg = Ad-Hoc|iPhoneSimulator
		{0FC9108D-4070-4EFC-A0C3-D782DEABD540}.Ad-Hoc|iPhoneSimulator.Build.0 = Ad-Hoc|iPhoneSimulator
		{0FC9108D-4070-4EFC-A0C3-D782DEABD540}.Ad-Hoc|x64.ActiveCfg = Ad-Hoc|iPhone
		{0FC9108D-4070-4EFC-A0C3-D782DEABD540}.Ad-Hoc|x86.ActiveCfg = Ad-Hoc|iPhone
		{0FC9108D-4070-4EFC-A0C3-D782DEABD540}.AppStore|Any CPU.ActiveCfg = AppStore|iPhoneSimulator
		{0FC9108D-4070-4EFC-A0C3-D782DEABD540}.AppStore|ARM.ActiveCfg = AppStore|iPhone
		{0FC9108D-4070-4EFC-A0C3-D782DEABD540}.AppStore|iPhone.ActiveCfg = AppStore|iPhone
		{0FC9108D-4070-4EFC-A0C3-D782DEABD540}.AppStore|iPhone.Build.0 = AppStore|iPhone
		{0FC9108D-4070-4EFC-A0C3-D782DEABD540}.AppStore|iPhoneSimulator.ActiveCfg = AppStore|iPhoneSimulator
		{0FC9108D-4070-4EFC-A0C3-D782DEABD540}.AppStore|iPhoneSimulator.Build.0 = AppStore|iPhoneSimulator
		{0FC9108D-4070-4EFC-A0C3-D782DEABD540}.AppStore|x64.ActiveCfg = AppStore|iPhone
		{0FC9108D-4070-4EFC-A0C3-D782DEABD540}.AppStore|x86.ActiveCfg = AppStore|iPhone
		{0FC9108D-4070-4EFC-A0C3-D782DEABD540}.Debug|Any CPU.ActiveCfg = Debug|iPhoneSimulator
		{0FC9108D-4070-4EFC-A0C3-D782DEABD540}.Debug|Any CPU.Build.0 = Debug|iPhoneSimulator
		{0FC9108D-4070-4EFC-A0C3-D782DEABD540}.Debug|ARM.ActiveCfg = Debug|iPhone
		{0FC9108D-4070-4EFC-A0C3-D782DEABD540}.Debug|iPhone.ActiveCfg = Debug|iPhone
		{0FC9108D-4070-4EFC-A0C3-D782DEABD540}.Debug|iPhone.Build.0 = Debug|iPhone
		{0FC9108D-4070-4EFC-A0C3-D782DEABD540}.Debug|iPhoneSimulator.ActiveCfg = Debug|iPhoneSimulator
		{0FC9108D-4070-4EFC-A0C3-D782DEABD540}.Debug|iPhoneSimulator.Build.0 = Debug|iPhoneSimulator
		{0FC9108D-4070-4EFC-A0C3-D782DEABD540}.Debug|x64.ActiveCfg = Debug|iPhone
		{0FC9108D-4070-4EFC-A0C3-D782DEABD540}.Debug|x86.ActiveCfg = Debug|iPhone
		{0FC9108D-4070-4EFC-A0C3-D782DEABD540}.Release|Any CPU.ActiveCfg = Release|iPhoneSimulator
		{0FC9108D-4070-4EFC-A0C3-D782DEABD540}.Release|Any CPU.Build.0 = Release|iPhoneSimulator
		{0FC9108D-4070-4EFC-A0C3-D782DEABD540}.Release|ARM.ActiveCfg = Release|iPhone
		{0FC9108D-4070-4EFC-A0C3-D782DEABD540}.Release|iPhone.ActiveCfg = Release|iPhone
		{0FC9108D-4070-4EFC-A0C3-D782DEABD540}.Release|iPhone.Build.0 = Release|iPhone
		{0FC9108D-4070-4EFC-A0C3-D782DEABD540}.Release|iPhoneSimulator.ActiveCfg = Release|iPhoneSimulator
		{0FC9108D-4070-4EFC-A0C3-D782DEABD540}.Release|iPhoneSimulator.Build.0 = Release|iPhoneSimulator
		{0FC9108D-4070-4EFC-A0C3-D782DEABD540}.Release|x64.ActiveCfg = Release|iPhone
		{0FC9108D-4070-4EFC-A0C3-D782DEABD540}.Release|x86.ActiveCfg = Release|iPhone
		{31CEE41B-936B-45CD-B4ED-6495E2E90906}.Ad-Hoc|Any CPU.ActiveCfg = Release|Any CPU
		{31CEE41B-936B-45CD-B4ED-6495E2E90906}.Ad-Hoc|Any CPU.Build.0 = Release|Any CPU
		{31CEE41B-936B-45CD-B4ED-6495E2E90906}.Ad-Hoc|ARM.ActiveCfg = Debug|Any CPU
		{31CEE41B-936B-45CD-B4ED-6495E2E90906}.Ad-Hoc|ARM.Build.0 = Debug|Any CPU
		{31CEE41B-936B-45CD-B4ED-6495E2E90906}.Ad-Hoc|iPhone.ActiveCfg = Debug|Any CPU
		{31CEE41B-936B-45CD-B4ED-6495E2E90906}.Ad-Hoc|iPhone.Build.0 = Debug|Any CPU
		{31CEE41B-936B-45CD-B4ED-6495E2E90906}.Ad-Hoc|iPhoneSimulator.ActiveCfg = Release|Any CPU
		{31CEE41B-936B-45CD-B4ED-6495E2E90906}.Ad-Hoc|iPhoneSimulator.Build.0 = Release|Any CPU
		{31CEE41B-936B-45CD-B4ED-6495E2E90906}.Ad-Hoc|x64.ActiveCfg = Debug|Any CPU
		{31CEE41B-936B-45CD-B4ED-6495E2E90906}.Ad-Hoc|x64.Build.0 = Debug|Any CPU
		{31CEE41B-936B-45CD-B4ED-6495E2E90906}.Ad-Hoc|x86.ActiveCfg = Debug|Any CPU
		{31CEE41B-936B-45CD-B4ED-6495E2E90906}.Ad-Hoc|x86.Build.0 = Debug|Any CPU
		{31CEE41B-936B-45CD-B4ED-6495E2E90906}.AppStore|Any CPU.ActiveCfg = Release|Any CPU
		{31CEE41B-936B-45CD-B4ED-6495E2E90906}.AppStore|Any CPU.Build.0 = Release|Any CPU
		{31CEE41B-936B-45CD-B4ED-6495E2E90906}.AppStore|ARM.ActiveCfg = Debug|Any CPU
		{31CEE41B-936B-45CD-B4ED-6495E2E90906}.AppStore|ARM.Build.0 = Debug|Any CPU
		{31CEE41B-936B-45CD-B4ED-6495E2E90906}.AppStore|iPhone.ActiveCfg = Debug|Any CPU
		{31CEE41B-936B-45CD-B4ED-6495E2E90906}.AppStore|iPhone.Build.0 = Debug|Any CPU
		{31CEE41B-936B-45CD-B4ED-6495E2E90906}.AppStore|iPhoneSimulator.ActiveCfg = Release|Any CPU
		{31CEE41B-936B-45CD-B4ED-6495E2E90906}.AppStore|iPhoneSimulator.Build.0 = Release|Any CPU
		{31CEE41B-936B-45CD-B4ED-6495E2E90906}.AppStore|x64.ActiveCfg = Debug|Any CPU
		{31CEE41B-936B-45CD-B4ED-6495E2E90906}.AppStore|x64.Build.0 = Debug|Any CPU
		{31CEE41B-936B-45CD-B4ED-6495E2E90906}.AppStore|x86.ActiveCfg = Debug|Any CPU
		{31CEE41B-936B-45CD-B4ED-6495E2E90906}.AppStore|x86.Build.0 = Debug|Any CPU
		{31CEE41B-936B-45CD-B4ED-6495E2E90906}.Debug|Any CPU.ActiveCfg = Debug|Any CPU
		{31CEE41B-936B-45CD-B4ED-6495E2E90906}.Debug|Any CPU.Build.0 = Debug|Any CPU
		{31CEE41B-936B-45CD-B4ED-6495E2E90906}.Debug|ARM.ActiveCfg = Debug|Any CPU
		{31CEE41B-936B-45CD-B4ED-6495E2E90906}.Debug|ARM.Build.0 = Debug|Any CPU
		{31CEE41B-936B-45CD-B4ED-6495E2E90906}.Debug|iPhone.ActiveCfg = Debug|Any CPU
		{31CEE41B-936B-45CD-B4ED-6495E2E90906}.Debug|iPhone.Build.0 = Debug|Any CPU
		{31CEE41B-936B-45CD-B4ED-6495E2E90906}.Debug|iPhoneSimulator.ActiveCfg = Debug|Any CPU
		{31CEE41B-936B-45CD-B4ED-6495E2E90906}.Debug|iPhoneSimulator.Build.0 = Debug|Any CPU
		{31CEE41B-936B-45CD-B4ED-6495E2E90906}.Debug|x64.ActiveCfg = Debug|Any CPU
		{31CEE41B-936B-45CD-B4ED-6495E2E90906}.Debug|x64.Build.0 = Debug|Any CPU
		{31CEE41B-936B-45CD-B4ED-6495E2E90906}.Debug|x86.ActiveCfg = Debug|Any CPU
		{31CEE41B-936B-45CD-B4ED-6495E2E90906}.Debug|x86.Build.0 = Debug|Any CPU
		{31CEE41B-936B-45CD-B4ED-6495E2E90906}.Release|Any CPU.ActiveCfg = Release|Any CPU
		{31CEE41B-936B-45CD-B4ED-6495E2E90906}.Release|Any CPU.Build.0 = Release|Any CPU
		{31CEE41B-936B-45CD-B4ED-6495E2E90906}.Release|ARM.ActiveCfg = Release|Any CPU
		{31CEE41B-936B-45CD-B4ED-6495E2E90906}.Release|ARM.Build.0 = Release|Any CPU
		{31CEE41B-936B-45CD-B4ED-6495E2E90906}.Release|iPhone.ActiveCfg = Release|Any CPU
		{31CEE41B-936B-45CD-B4ED-6495E2E90906}.Release|iPhone.Build.0 = Release|Any CPU
		{31CEE41B-936B-45CD-B4ED-6495E2E90906}.Release|iPhoneSimulator.ActiveCfg = Release|Any CPU
		{31CEE41B-936B-45CD-B4ED-6495E2E90906}.Release|iPhoneSimulator.Build.0 = Release|Any CPU
		{31CEE41B-936B-45CD-B4ED-6495E2E90906}.Release|x64.ActiveCfg = Release|Any CPU
		{31CEE41B-936B-45CD-B4ED-6495E2E90906}.Release|x64.Build.0 = Release|Any CPU
		{31CEE41B-936B-45CD-B4ED-6495E2E90906}.Release|x86.ActiveCfg = Release|Any CPU
		{31CEE41B-936B-45CD-B4ED-6495E2E90906}.Release|x86.Build.0 = Release|Any CPU
		{E10443A8-E11E-4EC2-AD95-472312474E95}.Ad-Hoc|Any CPU.ActiveCfg = Release|x64
		{E10443A8-E11E-4EC2-AD95-472312474E95}.Ad-Hoc|Any CPU.Build.0 = Release|x64
		{E10443A8-E11E-4EC2-AD95-472312474E95}.Ad-Hoc|Any CPU.Deploy.0 = Release|x64
		{E10443A8-E11E-4EC2-AD95-472312474E95}.Ad-Hoc|ARM.ActiveCfg = Release|ARM
		{E10443A8-E11E-4EC2-AD95-472312474E95}.Ad-Hoc|ARM.Build.0 = Release|ARM
		{E10443A8-E11E-4EC2-AD95-472312474E95}.Ad-Hoc|ARM.Deploy.0 = Release|ARM
		{E10443A8-E11E-4EC2-AD95-472312474E95}.Ad-Hoc|iPhone.ActiveCfg = Release|x64
		{E10443A8-E11E-4EC2-AD95-472312474E95}.Ad-Hoc|iPhone.Build.0 = Release|x64
		{E10443A8-E11E-4EC2-AD95-472312474E95}.Ad-Hoc|iPhone.Deploy.0 = Release|x64
		{E10443A8-E11E-4EC2-AD95-472312474E95}.Ad-Hoc|iPhoneSimulator.ActiveCfg = Release|x64
		{E10443A8-E11E-4EC2-AD95-472312474E95}.Ad-Hoc|iPhoneSimulator.Build.0 = Release|x64
		{E10443A8-E11E-4EC2-AD95-472312474E95}.Ad-Hoc|iPhoneSimulator.Deploy.0 = Release|x64
		{E10443A8-E11E-4EC2-AD95-472312474E95}.Ad-Hoc|x64.ActiveCfg = Release|x64
		{E10443A8-E11E-4EC2-AD95-472312474E95}.Ad-Hoc|x64.Build.0 = Release|x64
		{E10443A8-E11E-4EC2-AD95-472312474E95}.Ad-Hoc|x64.Deploy.0 = Release|x64
		{E10443A8-E11E-4EC2-AD95-472312474E95}.Ad-Hoc|x86.ActiveCfg = Release|x86
		{E10443A8-E11E-4EC2-AD95-472312474E95}.Ad-Hoc|x86.Build.0 = Release|x86
		{E10443A8-E11E-4EC2-AD95-472312474E95}.Ad-Hoc|x86.Deploy.0 = Release|x86
		{E10443A8-E11E-4EC2-AD95-472312474E95}.AppStore|Any CPU.ActiveCfg = Release|x64
		{E10443A8-E11E-4EC2-AD95-472312474E95}.AppStore|Any CPU.Build.0 = Release|x64
		{E10443A8-E11E-4EC2-AD95-472312474E95}.AppStore|Any CPU.Deploy.0 = Release|x64
		{E10443A8-E11E-4EC2-AD95-472312474E95}.AppStore|ARM.ActiveCfg = Release|ARM
		{E10443A8-E11E-4EC2-AD95-472312474E95}.AppStore|ARM.Build.0 = Release|ARM
		{E10443A8-E11E-4EC2-AD95-472312474E95}.AppStore|ARM.Deploy.0 = Release|ARM
		{E10443A8-E11E-4EC2-AD95-472312474E95}.AppStore|iPhone.ActiveCfg = Release|x64
		{E10443A8-E11E-4EC2-AD95-472312474E95}.AppStore|iPhone.Build.0 = Release|x64
		{E10443A8-E11E-4EC2-AD95-472312474E95}.AppStore|iPhone.Deploy.0 = Release|x64
		{E10443A8-E11E-4EC2-AD95-472312474E95}.AppStore|iPhoneSimulator.ActiveCfg = Release|x64
		{E10443A8-E11E-4EC2-AD95-472312474E95}.AppStore|iPhoneSimulator.Build.0 = Release|x64
		{E10443A8-E11E-4EC2-AD95-472312474E95}.AppStore|iPhoneSimulator.Deploy.0 = Release|x64
		{E10443A8-E11E-4EC2-AD95-472312474E95}.AppStore|x64.ActiveCfg = Release|x64
		{E10443A8-E11E-4EC2-AD95-472312474E95}.AppStore|x64.Build.0 = Release|x64
		{E10443A8-E11E-4EC2-AD95-472312474E95}.AppStore|x64.Deploy.0 = Release|x64
		{E10443A8-E11E-4EC2-AD95-472312474E95}.AppStore|x86.ActiveCfg = Release|x86
		{E10443A8-E11E-4EC2-AD95-472312474E95}.AppStore|x86.Build.0 = Release|x86
		{E10443A8-E11E-4EC2-AD95-472312474E95}.AppStore|x86.Deploy.0 = Release|x86
		{E10443A8-E11E-4EC2-AD95-472312474E95}.Debug|Any CPU.ActiveCfg = Debug|x86
		{E10443A8-E11E-4EC2-AD95-472312474E95}.Debug|ARM.ActiveCfg = Debug|ARM
		{E10443A8-E11E-4EC2-AD95-472312474E95}.Debug|ARM.Build.0 = Debug|ARM
		{E10443A8-E11E-4EC2-AD95-472312474E95}.Debug|ARM.Deploy.0 = Debug|ARM
		{E10443A8-E11E-4EC2-AD95-472312474E95}.Debug|iPhone.ActiveCfg = Debug|x86
		{E10443A8-E11E-4EC2-AD95-472312474E95}.Debug|iPhoneSimulator.ActiveCfg = Debug|x86
		{E10443A8-E11E-4EC2-AD95-472312474E95}.Debug|x64.ActiveCfg = Debug|x64
		{E10443A8-E11E-4EC2-AD95-472312474E95}.Debug|x64.Build.0 = Debug|x64
		{E10443A8-E11E-4EC2-AD95-472312474E95}.Debug|x64.Deploy.0 = Debug|x64
		{E10443A8-E11E-4EC2-AD95-472312474E95}.Debug|x86.ActiveCfg = Debug|x86
		{E10443A8-E11E-4EC2-AD95-472312474E95}.Debug|x86.Build.0 = Debug|x86
		{E10443A8-E11E-4EC2-AD95-472312474E95}.Debug|x86.Deploy.0 = Debug|x86
		{E10443A8-E11E-4EC2-AD95-472312474E95}.Release|Any CPU.ActiveCfg = Release|x86
		{E10443A8-E11E-4EC2-AD95-472312474E95}.Release|ARM.ActiveCfg = Release|ARM
		{E10443A8-E11E-4EC2-AD95-472312474E95}.Release|ARM.Build.0 = Release|ARM
		{E10443A8-E11E-4EC2-AD95-472312474E95}.Release|ARM.Deploy.0 = Release|ARM
		{E10443A8-E11E-4EC2-AD95-472312474E95}.Release|iPhone.ActiveCfg = Release|x86
		{E10443A8-E11E-4EC2-AD95-472312474E95}.Release|iPhoneSimulator.ActiveCfg = Release|x86
		{E10443A8-E11E-4EC2-AD95-472312474E95}.Release|x64.ActiveCfg = Release|x64
		{E10443A8-E11E-4EC2-AD95-472312474E95}.Release|x64.Build.0 = Release|x64
		{E10443A8-E11E-4EC2-AD95-472312474E95}.Release|x64.Deploy.0 = Release|x64
		{E10443A8-E11E-4EC2-AD95-472312474E95}.Release|x86.ActiveCfg = Release|x86
		{E10443A8-E11E-4EC2-AD95-472312474E95}.Release|x86.Build.0 = Release|x86
		{E10443A8-E11E-4EC2-AD95-472312474E95}.Release|x86.Deploy.0 = Release|x86
	EndGlobalSection
	GlobalSection(SolutionProperties) = preSolution
		HideSolutionNode = FALSE
	EndGlobalSection
	GlobalSection(ExtensibilityGlobals) = postSolution
		SolutionGuid = {FC6B46F6-93BA-475D-B503-880DAB2C171C}
	EndGlobalSection
EndGlobal
